github.com/go-opentype/bidi v0.2.0 h1:ze8chEUw22c98LZug2GByD9cc3Zuq0qARxrSLGj1ioQ=
github.com/go-opentype/bidi v0.2.0/go.mod h1:PaWZ9P93jwQaXsEvAoSxvJ3P70S9f8TuFGDstTvcfmM=
github.com/go-opentype/fonts v0.4.1 h1:f2vVTa0QXiLjW2A5TwyPx0PFgQa9GYlysfgR5C2bbsQ=
github.com/go-opentype/fonts v0.4.1/go.mod h1:C6yQL2apHItfEZ5hztpsHF0S5mlX/hklLlq/Z5fRG/g=
github.com/go-opentype/opentype v0.6.0 h1:2t1Qs/Uo4M+f9gahV5QGihLTTeI/q4s0l7MIsbkd290=
github.com/go-opentype/opentype v0.6.0/go.mod h1:AOixevJf7XQaH7+WG+OMIOZEbYPXfMqklVk26Y6YTUU=
github.com/go-opentype/shape v0.3.2 h1:qaaUhg9m6yusm6MCfa07DhZ5Z0ZxOmGwLxHklVeLUUA=
github.com/go-opentype/shape v0.3.2/go.mod h1:oVq3kFGx6kIHKrFXfxqnp8JUYR7k9NzeY+E17LYHhrU=
github.com/go-pdfkit/pdfkit v0.4.0 h1:gLC9YBK8Sq7OVoR6vjmO5k3tjzK++0UGGJcsWDCt2Xw=
github.com/go-pdfkit/pdfkit v0.4.0/go.mod h1:HkjxMIqOjZvJT0KLme1WS6J9jguiTdWi+zLdTYbGIkc=
github.com/go-tex/math v0.2.0 h1:jTxqG2WoqolEYnHWfU/4dqRQ2MabTTQ5AlTs+ArZnZY=
github.com/go-tex/math v0.2.0/go.mod h1:eNq1Js988sqQRsxNR08JFQ5dQfyqfd8CYf5fE3iWbhU=
github.com/go-tex/math v0.3.0 h1:G/TcPeGnUQV/wsaPuwUdkZitkJV2hv1m9y5cA/Nta/A=
github.com/go-tex/math v0.3.0/go.mod h1:eNq1Js988sqQRsxNR08JFQ5dQfyqfd8CYf5fE3iWbhU=
github.com/go-tex/math v0.4.0 h1:+4us8xuUwBvBX+yHGbQtT6ku/o8lfkBvkhYBdVtnops=
github.com/go-tex/math v0.4.0/go.mod h1:eNq1Js988sqQRsxNR08JFQ5dQfyqfd8CYf5fE3iWbhU=
github.com/go-widgets/painter v0.2.0 h1:C7anwlKLYnlTeCK90xKYvy0srxYXqhuvyDFismlf2Sc=
github.com/go-widgets/painter v0.2.0/go.mod h1:ccmlkH2UmcXQh6rt9Fu2eDt2RI0B5V0POaGmUKeW0EQ=
github.com/go-widgets/toolkit v0.79.0 h1:lZeQPeUYcGvD7++F8bFUN8in68nO98m0qpU3Nz+C0ws=
github.com/go-widgets/toolkit v0.79.0/go.mod h1:uBYcJJeBA2hqHiTlKaLsPZ9t/NsBA6DFtpp33i5l5/8=
golang.org/x/text v0.40.0 h1:Ub2Z6/xjgF1WrYQz2nuITOEegKFtiIy+rieRJ5lHZKs=
golang.org/x/text v0.40.0/go.mod h1:hpnzDAfGV753zIKo+wk3u1bVKCGPbrnF7+7LBF/UHVY=
rsc.io/pdf v0.1.1 h1:k1MczvYDUvJBe93bYd7wrZLLUEcLZAuF824/I4e5Xr4=
rsc.io/pdf v0.1.1/go.mod h1:n8OzWcQ6Sp37PL01nO98y4iUCRdTGarVfzxY20ICaU4=
